
Microsoft Visual Studio Solution File, Format Version 12.00
# Visual Studio Version 16
VisualStudioVersion = 16.0.30320.27
MinimumVisualStudioVersion = 10.0.40219.1
Project("{FAE04EC0-301F-11D3-BF4B-00C04F79EFBC}") = "EduHomeBackEndProject", "EduHomeBackEndProject\EduHomeBackEndProject.csproj", "{245D701A-11FB-4794-BB28-78F1D654DCB1}"
EndProject
Global
	GlobalSection(SolutionConfigurationPlatforms) = preSolution
		Debug|Any CPU = Debug|Any CPU
		Release|Any CPU = Release|Any CPU
	EndGlobalSection
	GlobalSection(ProjectConfigurationPlatforms) = postSolution
		{245D701A-11FB-4794-BB28-78F1D654DCB1}.Debug|Any CPU.ActiveCfg = Debug|Any CPU
		{245D701A-11FB-4794-BB28-78F1D654DCB1}.Debug|Any CPU.Build.0 = Debug|Any CPU
		{245D701A-11FB-4794-BB28-78F1D654DCB1}.Release|Any CPU.ActiveCfg = Release|Any CPU
		{245D701A-11FB-4794-BB28-78F1D654DCB1}.Release|Any CPU.Build.0 = Release|Any CPU
	EndGlobalSection
	GlobalSection(SolutionProperties) = preSolution
		HideSolutionNode = FALSE
	EndGlobalSection
	GlobalSection(ExtensibilityGlobals) = postSolution
		SolutionGuid = {DD6D0B6D-CC46-46EC-B795-278FB0BEA68F}
	EndGlobalSection
EndGlobal
